
Microsoft Visual Studio Solution File, Format Version 12.00
# Visual Studio 15
VisualStudioVersion = 15.0.28307.757
MinimumVisualStudioVersion = 10.0.40219.1
Project("{FAE04EC0-301F-11D3-BF4B-00C04F79EFBC}") = "mysql-odbc", "mysql-odbc\mysql-odbc.csproj", "{027113EA-0118-4B15-9B80-D31E555887EC}"
EndProject
Global
	GlobalSection(SolutionConfigurationPlatforms) = preSolution
		Debug|Any CPU = Debug|Any CPU
		Release|Any CPU = Release|Any CPU
	EndGlobalSection
	GlobalSection(ProjectConfigurationPlatforms) = postSolution
		{027113EA-0118-4B15-9B80-D31E555887EC}.Debug|Any CPU.ActiveCfg = Debug|Any CPU
		{027113EA-0118-4B15-9B80-D31E555887EC}.Debug|Any CPU.Build.0 = Debug|Any CPU
		{027113EA-0118-4B15-9B80-D31E555887EC}.Release|Any CPU.ActiveCfg = Release|Any CPU
		{027113EA-0118-4B15-9B80-D31E555887EC}.Release|Any CPU.Build.0 = Release|Any CPU
	EndGlobalSection
	GlobalSection(SolutionProperties) = preSolution
		HideSolutionNode = FALSE
	EndGlobalSection
	GlobalSection(ExtensibilityGlobals) = postSolution
		SolutionGuid = {7EA4594C-3124-494C-AA33-0F0EFB92EDA6}
	EndGlobalSection
EndGlobal
