
Microsoft Visual Studio Solution File, Format Version 12.00
# Visual Studio 2012
Project("{FAE04EC0-301F-11D3-BF4B-00C04F79EFBC}") = "ResizeImage", "ResizeImage\ResizeImage.csproj", "{4543418C-26DF-4373-9D89-1CA6DB17FD10}"
EndProject
Global
	GlobalSection(SolutionConfigurationPlatforms) = preSolution
		Debug|Any CPU = Debug|Any CPU
		Release|Any CPU = Release|Any CPU
	EndGlobalSection
	GlobalSection(ProjectConfigurationPlatforms) = postSolution
		{4543418C-26DF-4373-9D89-1CA6DB17FD10}.Debug|Any CPU.ActiveCfg = Debug|Any CPU
		{4543418C-26DF-4373-9D89-1CA6DB17FD10}.Debug|Any CPU.Build.0 = Debug|Any CPU
		{4543418C-26DF-4373-9D89-1CA6DB17FD10}.Release|Any CPU.ActiveCfg = Release|Any CPU
		{4543418C-26DF-4373-9D89-1CA6DB17FD10}.Release|Any CPU.Build.0 = Release|Any CPU
	EndGlobalSection
EndGlobal
