
Microsoft Visual Studio Solution File, Format Version 12.00
# Visual Studio 2012
Project("{FAE04EC0-301F-11D3-BF4B-00C04F79EFBC}") = "attributedemo", "attributedemo\attributedemo.csproj", "{8B326E95-C837-4775-87ED-1394634B884B}"
EndProject
Project("{FAE04EC0-301F-11D3-BF4B-00C04F79EFBC}") = "utility", "utility\utility.csproj", "{E78A6329-861A-42A4-9574-DFF5A7C2ED74}"
EndProject
Project("{FAE04EC0-301F-11D3-BF4B-00C04F79EFBC}") = "testproject", "testproject\testproject.csproj", "{4B7BA212-5F6D-433C-90A8-0F98FCF3BA1B}"
EndProject
Global
	GlobalSection(SolutionConfigurationPlatforms) = preSolution
		Debug|Any CPU = Debug|Any CPU
		Release|Any CPU = Release|Any CPU
	EndGlobalSection
	GlobalSection(ProjectConfigurationPlatforms) = postSolution
		{8B326E95-C837-4775-87ED-1394634B884B}.Debug|Any CPU.ActiveCfg = Debug|Any CPU
		{8B326E95-C837-4775-87ED-1394634B884B}.Debug|Any CPU.Build.0 = Debug|Any CPU
		{8B326E95-C837-4775-87ED-1394634B884B}.Release|Any CPU.ActiveCfg = Release|Any CPU
		{8B326E95-C837-4775-87ED-1394634B884B}.Release|Any CPU.Build.0 = Release|Any CPU
		{E78A6329-861A-42A4-9574-DFF5A7C2ED74}.Debug|Any CPU.ActiveCfg = Debug|Any CPU
		{E78A6329-861A-42A4-9574-DFF5A7C2ED74}.Debug|Any CPU.Build.0 = Debug|Any CPU
		{E78A6329-861A-42A4-9574-DFF5A7C2ED74}.Release|Any CPU.ActiveCfg = Release|Any CPU
		{E78A6329-861A-42A4-9574-DFF5A7C2ED74}.Release|Any CPU.Build.0 = Release|Any CPU
		{4B7BA212-5F6D-433C-90A8-0F98FCF3BA1B}.Debug|Any CPU.ActiveCfg = Debug|Any CPU
		{4B7BA212-5F6D-433C-90A8-0F98FCF3BA1B}.Debug|Any CPU.Build.0 = Debug|Any CPU
		{4B7BA212-5F6D-433C-90A8-0F98FCF3BA1B}.Release|Any CPU.ActiveCfg = Release|Any CPU
		{4B7BA212-5F6D-433C-90A8-0F98FCF3BA1B}.Release|Any CPU.Build.0 = Release|Any CPU
	EndGlobalSection
EndGlobal
