
Microsoft Visual Studio Solution File, Format Version 12.00
# Visual Studio 2012
Project("{FAE04EC0-301F-11D3-BF4B-00C04F79EFBC}") = "MMapDemo", "MMapDemo\MMapDemo.csproj", "{0BC761EE-D8D4-400F-B324-19EF93C68B73}"
EndProject
Global
	GlobalSection(SolutionConfigurationPlatforms) = preSolution
		Debug|Any CPU = Debug|Any CPU
		Release|Any CPU = Release|Any CPU
	EndGlobalSection
	GlobalSection(ProjectConfigurationPlatforms) = postSolution
		{0BC761EE-D8D4-400F-B324-19EF93C68B73}.Debug|Any CPU.ActiveCfg = Debug|Any CPU
		{0BC761EE-D8D4-400F-B324-19EF93C68B73}.Debug|Any CPU.Build.0 = Debug|Any CPU
		{0BC761EE-D8D4-400F-B324-19EF93C68B73}.Release|Any CPU.ActiveCfg = Release|Any CPU
		{0BC761EE-D8D4-400F-B324-19EF93C68B73}.Release|Any CPU.Build.0 = Release|Any CPU
	EndGlobalSection
EndGlobal
